
Microsoft Visual Studio Solution File, Format Version 12.00
# Visual Studio 15
VisualStudioVersion = 15.0.26430.16
MinimumVisualStudioVersion = 10.0.40219.1
Project("{2150E333-8FDC-42A3-9474-1A3956D46DE8}") = "Application", "Application", "{E9DC916D-DBC1-4968-885A-80E6CB3677DD}"
EndProject
Project("{2150E333-8FDC-42A3-9474-1A3956D46DE8}") = "DistributedServices", "DistributedServices", "{51B3E6D5-7035-4127-BA94-650998C32306}"
EndProject
Project("{2150E333-8FDC-42A3-9474-1A3956D46DE8}") = "Infrastructure", "Infrastructure", "{A6082979-339E-4C31-89A2-949929C54BC1}"
EndProject
Project("{2150E333-8FDC-42A3-9474-1A3956D46DE8}") = "Domain", "Domain", "{00099EE1-1B39-4663-BBAA-725434C616EC}"
EndProject
Project("{FAE04EC0-301F-11D3-BF4B-00C04F79EFBC}") = "eLearn.Domain", "eLearn.Domain\eLearn.Domain.csproj", "{4FD3B776-F45E-4B4E-8471-3B919C87AF5E}"
EndProject
Project("{FAE04EC0-301F-11D3-BF4B-00C04F79EFBC}") = "eLearn.Domain.TDD", "eLearn.Domain.TDD\eLearn.Domain.TDD.csproj", "{3F4B8D44-D0EF-4E0B-9BCB-64E3D551B878}"
EndProject
Project("{FAE04EC0-301F-11D3-BF4B-00C04F79EFBC}") = "eLearn.Application", "eLearn.Application\eLearn.Application.csproj", "{73C9E16D-025E-4D98-9C9B-2FF6DAF33308}"
EndProject
Project("{FAE04EC0-301F-11D3-BF4B-00C04F79EFBC}") = "eLearn.Application.TDD", "eLearn.Application.TDD\eLearn.Application.TDD.csproj", "{B5D5CC7E-0939-4C7E-8023-626DB526B927}"
EndProject
Project("{FAE04EC0-301F-11D3-BF4B-00C04F79EFBC}") = "eLearn.Application.IoC", "eLearn.Application.IoC\eLearn.Application.IoC.csproj", "{33D8E341-2A39-4C87-B826-91EA0266B0A3}"
EndProject
Project("{FAE04EC0-301F-11D3-BF4B-00C04F79EFBC}") = "eLearn.API", "eLearn.API\eLearn.API.csproj", "{933BF5E2-AD21-419E-A83B-B45B1F5DA385}"
EndProject
Project("{FAE04EC0-301F-11D3-BF4B-00C04F79EFBC}") = "eLearn.Infrastucture", "eLearn.Infrastucture\eLearn.Infrastucture.csproj", "{41993B49-7297-4670-AE76-3E3234F56751}"
EndProject
Project("{FAE04EC0-301F-11D3-BF4B-00C04F79EFBC}") = "eLearn.Infrastucture.CrossCutting", "eLearn.Infrastucture.CrossCutting\eLearn.Infrastucture.CrossCutting.csproj", "{3AF99E90-3C79-4932-8285-C821925016BF}"
EndProject
Project("{FAE04EC0-301F-11D3-BF4B-00C04F79EFBC}") = "eLearn.Infrastucture.TDD", "eLearn.Infrastucture.TDD\eLearn.Infrastucture.TDD.csproj", "{A7C8DE51-1050-415E-B173-EAE04CDC0B83}"
EndProject
Global
	GlobalSection(SolutionConfigurationPlatforms) = preSolution
		Debug|Any CPU = Debug|Any CPU
		Release|Any CPU = Release|Any CPU
	EndGlobalSection
	GlobalSection(ProjectConfigurationPlatforms) = postSolution
		{4FD3B776-F45E-4B4E-8471-3B919C87AF5E}.Debug|Any CPU.ActiveCfg = Debug|Any CPU
		{4FD3B776-F45E-4B4E-8471-3B919C87AF5E}.Debug|Any CPU.Build.0 = Debug|Any CPU
		{4FD3B776-F45E-4B4E-8471-3B919C87AF5E}.Release|Any CPU.ActiveCfg = Release|Any CPU
		{4FD3B776-F45E-4B4E-8471-3B919C87AF5E}.Release|Any CPU.Build.0 = Release|Any CPU
		{3F4B8D44-D0EF-4E0B-9BCB-64E3D551B878}.Debug|Any CPU.ActiveCfg = Debug|Any CPU
		{3F4B8D44-D0EF-4E0B-9BCB-64E3D551B878}.Debug|Any CPU.Build.0 = Debug|Any CPU
		{3F4B8D44-D0EF-4E0B-9BCB-64E3D551B878}.Release|Any CPU.ActiveCfg = Release|Any CPU
		{3F4B8D44-D0EF-4E0B-9BCB-64E3D551B878}.Release|Any CPU.Build.0 = Release|Any CPU
		{73C9E16D-025E-4D98-9C9B-2FF6DAF33308}.Debug|Any CPU.ActiveCfg = Debug|Any CPU
		{73C9E16D-025E-4D98-9C9B-2FF6DAF33308}.Debug|Any CPU.Build.0 = Debug|Any CPU
		{73C9E16D-025E-4D98-9C9B-2FF6DAF33308}.Release|Any CPU.ActiveCfg = Release|Any CPU
		{73C9E16D-025E-4D98-9C9B-2FF6DAF33308}.Release|Any CPU.Build.0 = Release|Any CPU
		{B5D5CC7E-0939-4C7E-8023-626DB526B927}.Debug|Any CPU.ActiveCfg = Debug|Any CPU
		{B5D5CC7E-0939-4C7E-8023-626DB526B927}.Debug|Any CPU.Build.0 = Debug|Any CPU
		{B5D5CC7E-0939-4C7E-8023-626DB526B927}.Release|Any CPU.ActiveCfg = Release|Any CPU
		{B5D5CC7E-0939-4C7E-8023-626DB526B927}.Release|Any CPU.Build.0 = Release|Any CPU
		{33D8E341-2A39-4C87-B826-91EA0266B0A3}.Debug|Any CPU.ActiveCfg = Debug|Any CPU
		{33D8E341-2A39-4C87-B826-91EA0266B0A3}.Debug|Any CPU.Build.0 = Debug|Any CPU
		{33D8E341-2A39-4C87-B826-91EA0266B0A3}.Release|Any CPU.ActiveCfg = Release|Any CPU
		{33D8E341-2A39-4C87-B826-91EA0266B0A3}.Release|Any CPU.Build.0 = Release|Any CPU
		{933BF5E2-AD21-419E-A83B-B45B1F5DA385}.Debug|Any CPU.ActiveCfg = Debug|Any CPU
		{933BF5E2-AD21-419E-A83B-B45B1F5DA385}.Debug|Any CPU.Build.0 = Debug|Any CPU
		{933BF5E2-AD21-419E-A83B-B45B1F5DA385}.Release|Any CPU.ActiveCfg = Release|Any CPU
		{933BF5E2-AD21-419E-A83B-B45B1F5DA385}.Release|Any CPU.Build.0 = Release|Any CPU
		{41993B49-7297-4670-AE76-3E3234F56751}.Debug|Any CPU.ActiveCfg = Debug|Any CPU
		{41993B49-7297-4670-AE76-3E3234F56751}.Debug|Any CPU.Build.0 = Debug|Any CPU
		{41993B49-7297-4670-AE76-3E3234F56751}.Release|Any CPU.ActiveCfg = Release|Any CPU
		{41993B49-7297-4670-AE76-3E3234F56751}.Release|Any CPU.Build.0 = Release|Any CPU
		{3AF99E90-3C79-4932-8285-C821925016BF}.Debug|Any CPU.ActiveCfg = Debug|Any CPU
		{3AF99E90-3C79-4932-8285-C821925016BF}.Debug|Any CPU.Build.0 = Debug|Any CPU
		{3AF99E90-3C79-4932-8285-C821925016BF}.Release|Any CPU.ActiveCfg = Release|Any CPU
		{3AF99E90-3C79-4932-8285-C821925016BF}.Release|Any CPU.Build.0 = Release|Any CPU
		{A7C8DE51-1050-415E-B173-EAE04CDC0B83}.Debug|Any CPU.ActiveCfg = Debug|Any CPU
		{A7C8DE51-1050-415E-B173-EAE04CDC0B83}.Debug|Any CPU.Build.0 = Debug|Any CPU
		{A7C8DE51-1050-415E-B173-EAE04CDC0B83}.Release|Any CPU.ActiveCfg = Release|Any CPU
		{A7C8DE51-1050-415E-B173-EAE04CDC0B83}.Release|Any CPU.Build.0 = Release|Any CPU
	EndGlobalSection
	GlobalSection(SolutionProperties) = preSolution
		HideSolutionNode = FALSE
	EndGlobalSection
	GlobalSection(NestedProjects) = preSolution
		{4FD3B776-F45E-4B4E-8471-3B919C87AF5E} = {00099EE1-1B39-4663-BBAA-725434C616EC}
		{3F4B8D44-D0EF-4E0B-9BCB-64E3D551B878} = {00099EE1-1B39-4663-BBAA-725434C616EC}
		{73C9E16D-025E-4D98-9C9B-2FF6DAF33308} = {E9DC916D-DBC1-4968-885A-80E6CB3677DD}
		{B5D5CC7E-0939-4C7E-8023-626DB526B927} = {E9DC916D-DBC1-4968-885A-80E6CB3677DD}
		{33D8E341-2A39-4C87-B826-91EA0266B0A3} = {E9DC916D-DBC1-4968-885A-80E6CB3677DD}
		{933BF5E2-AD21-419E-A83B-B45B1F5DA385} = {51B3E6D5-7035-4127-BA94-650998C32306}
		{41993B49-7297-4670-AE76-3E3234F56751} = {A6082979-339E-4C31-89A2-949929C54BC1}
		{3AF99E90-3C79-4932-8285-C821925016BF} = {A6082979-339E-4C31-89A2-949929C54BC1}
		{A7C8DE51-1050-415E-B173-EAE04CDC0B83} = {A6082979-339E-4C31-89A2-949929C54BC1}
	EndGlobalSection
EndGlobal
